PODS:
  - Analytics (3.0.7)
  - AppAuth (1.4.0):
    - AppAuth/Core (= 1.4.0)
    - AppAuth/ExternalUserAgent (= 1.4.0)
  - AppAuth/Core (1.4.0)
  - AppAuth/ExternalUserAgent (1.4.0)
  - Branch (0.35.1)
  - Crashlytics (3.14.0):
    - Fabric (~> 1.10.2)
  - DateTools (1.6.1)
  - Fabric (1.10.2)
  - FBSDKCoreKit (5.5.0):
    - FBSDKCoreKit/Basics (= 5.5.0)
    - FBSDKCoreKit/Core (= 5.5.0)
  - FBSDKCoreKit/Basics (5.5.0)
  - FBSDKCoreKit/Core (5.5.0):
    - FBSDKCoreKit/Basics
  - FBSDKLoginKit (5.5.0):
    - FBSDKCoreKit (~> 5.0)
  - Firebase/Core (3.11.0):
    - FirebaseAnalytics (= 3.6.0)
    - FirebaseCore (= 3.4.6)
  - FirebaseAnalytics (3.6.0):
    - FirebaseCore (~> 3.4)
    - FirebaseInstanceID (~> 1.0)
    - GoogleInterchangeUtilities (~> 1.2)
    - GoogleSymbolUtilities (~> 1.1)
    - "GoogleToolboxForMac/NSData+zlib (~> 2.1)"
  - FirebaseCore (3.4.6):
    - GoogleInterchangeUtilities (~> 1.2)
    - "GoogleToolboxForMac/NSData+zlib (~> 2.1)"
  - FirebaseInstanceID (1.0.8)
  - GoogleAnalytics (3.17.0)
  - GoogleIDFASupport (3.14.0)
  - GoogleInterchangeUtilities (1.2.2):
    - GoogleSymbolUtilities (~> 1.1)
  - GoogleSignIn (5.0.2):
    - AppAuth (~> 1.2)
    - GTMAppAuth (~> 1.0)
    - GTMSessionFetcher/Core (~> 1.1)
  - GoogleSymbolUtilities (1.1.2)
  - GoogleToolboxForMac/Defines (2.1.0)
  - "GoogleToolboxForMac/NSData+zlib (2.1.0)":
    - GoogleToolboxForMac/Defines (= 2.1.0)
  - GTMAppAuth (1.1.0):
    - AppAuth/Core (~> 1.4)
    - GTMSessionFetcher (~> 1.4)
  - GTMSessionFetcher (1.5.0):
    - GTMSessionFetcher/Full (= 1.5.0)
  - GTMSessionFetcher/Core (1.5.0)
  - GTMSessionFetcher/Full (1.5.0):
    - GTMSessionFetcher/Core (= 1.5.0)
  - Masonry (0.6.4)
  - NewRelicAgent (4.186.1)
  - Segment-GoogleAnalytics (1.0.1):
    - Analytics (~> 3.0.0)
    - GoogleAnalytics (~> 3.14)
    - GoogleIDFASupport (~> 3.14)
  - Smartling.i18n (1.0.13)
  - YoutubePlayer-in-WKWebView (0.3.4)

DEPENDENCIES:
  - Analytics (~> 3.0.0)
  - Branch (~> 0.35.1)
  - Crashlytics (~> 3.14.0)
  - DateTools (~> 1.6.1)
  - Fabric (~> 1.10.2)
  - FBSDKCoreKit (~> 5.5.0)
  - FBSDKLoginKit (~> 5.5.0)
  - Firebase/Core (= 3.11.0)
  - GoogleSignIn (~> 5.0)
  - Masonry (~> 0.6)
  - NewRelicAgent (~> 4.1)
  - Segment-GoogleAnalytics (~> 1.0.0)
  - Smartling.i18n (~> 1.0)
  - YoutubePlayer-in-WKWebView (~> 0.3.0)

SPEC REPOS:
  https://github.com/CocoaPods/Specs.git:
    - Analytics
    - AppAuth
    - Branch
    - Crashlytics
    - DateTools
    - Fabric
    - FBSDKCoreKit
    - FBSDKLoginKit
    - Firebase
    - FirebaseAnalytics
    - FirebaseCore
    - FirebaseInstanceID
    - GoogleAnalytics
    - GoogleIDFASupport
    - GoogleInterchangeUtilities
    - GoogleSignIn
    - GoogleSymbolUtilities
    - GoogleToolboxForMac
    - GTMAppAuth
    - GTMSessionFetcher
    - Masonry
    - NewRelicAgent
    - Segment-GoogleAnalytics
    - Smartling.i18n
    - YoutubePlayer-in-WKWebView

SPEC CHECKSUMS:
  Analytics: b342fb4f43fa4f97ca6f4358b44d3295217ba294
  AppAuth: 31bcec809a638d7bd2f86ea8a52bd45f6e81e7c7
  Branch: 43863eab4c2339a58fa552f2f277139c3839dfb4
  Crashlytics: 9220f5bc89e7a618df411b4f639389dbfb0e03d2
  DateTools: 9bcc89e4f2f9004d8a7a2bd1b49269cf78968e65
  Fabric: ea977e3cd9c20425516d3dafd3bf8c941c51223f
  FBSDKCoreKit: 7ade9cfea30eef2f6cf105a1aa904f89ea68fb7d
  FBSDKLoginKit: bb28062f24e79590c44ba03297ca9bea4b6436d2
  Firebase: b8134e285eb33201115bc688bc5d7f112923bc1f
  FirebaseAnalytics: 9c67af0ebeb8d2146c9b4ea2616439affa947b58
  FirebaseCore: 03da1cb32615569bbc2830a22f9ad753d9a02ef5
  FirebaseInstanceID: ba1e640935235e5fac39dfa816fe7660e72e1a8a
  GoogleAnalytics: f42cc53a87a51fe94334821868d9c8481ff47a7b
  GoogleIDFASupport: aaf8c10bd429abb1c15349d5252244f5eda8ead1
  GoogleInterchangeUtilities: d5bc4d88d5b661ab72f9d70c58d02ca8c27ad1f7
  GoogleSignIn: 7137d297ddc022a7e0aa4619c86d72c909fa7213
  GoogleSymbolUtilities: 631ee17048aa5e9ab133470d768ea997a5ef9b96
  GoogleToolboxForMac: 2b2596cbb7186865e98cadf2b1e262d851c2b168
  GTMAppAuth: 197a8dabfea5d665224aa00d17f164fc2248dab9
  GTMSessionFetcher: b3503b20a988c4e20cc189aa798fd18220133f52
  Masonry: 281802d04d787ea2973179ee8bcb50500579ede2
  NewRelicAgent: 5cd52dafe03e74c5066073a00fd500df9d966e7e
  Segment-GoogleAnalytics: ffea73c99196720b28b58ea93bcc0e6d11f172e1
  Smartling.i18n: 03ef7a5643965212c6ca9ed7d65385950ca4a989
  YoutubePlayer-in-WKWebView: af2f5929fc78882d94bfdfeea999b661b78d9717

PODFILE CHECKSUM: fdd41ffe899a7544d79465d02400e5db6028c7ac

COCOAPODS: 1.9.3
